
Microsoft Visual Studio Solution File, Format Version 12.00
# Visual Studio Version 16
VisualStudioVersion = 16.0.30114.105
MinimumVisualStudioVersion = 10.0.40219.1
Project("{FAE04EC0-301F-11D3-BF4B-00C04F79EFBC}") = "IMP_LR", "IMP_LR\IMP_LR.csproj", "{0A023E1F-2104-4318-A206-BB2488304AB2}"
EndProject
Global
	GlobalSection(SolutionConfigurationPlatforms) = preSolution
		Debug|Any CPU = Debug|Any CPU
		Release|Any CPU = Release|Any CPU
	EndGlobalSection
	GlobalSection(ProjectConfigurationPlatforms) = postSolution
		{0A023E1F-2104-4318-A206-BB2488304AB2}.Debug|Any CPU.ActiveCfg = Debug|Any CPU
		{0A023E1F-2104-4318-A206-BB2488304AB2}.Debug|Any CPU.Build.0 = Debug|Any CPU
		{0A023E1F-2104-4318-A206-BB2488304AB2}.Release|Any CPU.ActiveCfg = Release|Any CPU
		{0A023E1F-2104-4318-A206-BB2488304AB2}.Release|Any CPU.Build.0 = Release|Any CPU
	EndGlobalSection
	GlobalSection(SolutionProperties) = preSolution
		HideSolutionNode = FALSE
	EndGlobalSection
	GlobalSection(ExtensibilityGlobals) = postSolution
		SolutionGuid = {EC3C307F-F2EE-4E92-B56B-1337C97C22EF}
	EndGlobalSection
EndGlobal
